
Microsoft Visual Studio Solution File, Format Version 12.00
# Visual Studio Version 17
VisualStudioVersion = 17.9.34407.89
MinimumVisualStudioVersion = 10.0.40219.1
Project("{FAE04EC0-301F-11D3-BF4B-00C04F79EFBC}") = "TextEditor1", "TextEditor1\TextEditor1.csproj", "{37B95BF5-A0FD-44F6-AE83-9D0F793618BB}"
EndProject
Global
	GlobalSection(SolutionConfigurationPlatforms) = preSolution
		Debug|Any CPU = Debug|Any CPU
		Release|Any CPU = Release|Any CPU
	EndGlobalSection
	GlobalSection(ProjectConfigurationPlatforms) = postSolution
		{37B95BF5-A0FD-44F6-AE83-9D0F793618BB}.Debug|Any CPU.ActiveCfg = Debug|Any CPU
		{37B95BF5-A0FD-44F6-AE83-9D0F793618BB}.Debug|Any CPU.Build.0 = Debug|Any CPU
		{37B95BF5-A0FD-44F6-AE83-9D0F793618BB}.Release|Any CPU.ActiveCfg = Release|Any CPU
		{37B95BF5-A0FD-44F6-AE83-9D0F793618BB}.Release|Any CPU.Build.0 = Release|Any CPU
	EndGlobalSection
	GlobalSection(SolutionProperties) = preSolution
		HideSolutionNode = FALSE
	EndGlobalSection
	GlobalSection(ExtensibilityGlobals) = postSolution
		SolutionGuid = {CDE4B633-407E-46F3-A2EC-391AF70EFCEB}
	EndGlobalSection
EndGlobal
